<?xml version="1.0"?>
<!DOCTYPE CodeBlocks_project_file>
<CodeBlocks_project_file>
	<FileVersion major="1" minor="1"/>
	<Project>
		<Option title="Potsdamer Prozessleittechnik"/>
		<Option makefile="Makefile"/>
		<Option makefile_is_custom="0"/>
		<Option compiler="0"/>
		<Build>
			<Target title="default">
				<Option output="/home/hannes/Projekte/PPLT2/test"/>
				<Option working_dir="."/>
				<Option object_output=".objs"/>
				<Option deps_output=".deps"/>
				<Option type="1"/>
				<Option compiler="0"/>
				<Option projectResourceIncludeDirsRelation="1"/>
				<Compiler>
					<Add option="-march=pentium-m"/>
					<Add option="-Wall"/>
				</Compiler>
				<Linker>
					<Add library="log4cplus"/>
				</Linker>
			</Target>
		</Build>
		<Compiler>
			<Add option="-pedantic"/>
			<Add option="-Wall"/>
		</Compiler>
		<Linker>
			<Add library="log4cplus"/>
		</Linker>
		<Unit filename="include/Exceptions.h">
			<Option compilerVar=""/>
			<Option compile="0"/>
			<Option link="0"/>
			<Option target="default"/>
		</Unit>
		<Unit filename="include/Logging.h">
			<Option compilerVar=""/>
			<Option compile="0"/>
			<Option link="0"/>
			<Option target="default"/>
		</Unit>
		<Unit filename="include/cConnection.h">
			<Option compilerVar=""/>
			<Option compile="0"/>
			<Option link="0"/>
			<Option target="default"/>
		</Unit>
		<Unit filename="include/cDisposable.h">
			<Option compilerVar=""/>
			<Option compile="0"/>
			<Option link="0"/>
			<Option target="default"/>
		</Unit>
		<Unit filename="include/cInnerModule.h">
			<Option compilerVar=""/>
			<Option compile="0"/>
			<Option link="0"/>
			<Option target="default"/>
		</Unit>
		<Unit filename="include/cIntegerConnection.h">
			<Option compilerVar=""/>
			<Option compile="0"/>
			<Option link="0"/>
			<Option target="default"/>
		</Unit>
		<Unit filename="include/cModule.h">
			<Option compilerVar=""/>
			<Option compile="0"/>
			<Option link="0"/>
			<Option target="default"/>
		</Unit>
		<Unit filename="include/cObject.h">
			<Option compilerVar=""/>
			<Option compile="0"/>
			<Option link="0"/>
			<Option target="default"/>
		</Unit>
		<Unit filename="include/cSequenceConnection.h">
			<Option compilerVar=""/>
			<Option compile="0"/>
			<Option link="0"/>
			<Option target="default"/>
		</Unit>
		<Unit filename="include/cStreamConnection.h">
			<Option compilerVar=""/>
			<Option compile="0"/>
			<Option link="0"/>
			<Option target="default"/>
		</Unit>
		<Unit filename="include/cSymbol.h">
			<Option compilerVar=""/>
			<Option compile="0"/>
			<Option link="0"/>
			<Option target="default"/>
		</Unit>
		<Unit filename="include/cValueConnection.h">
			<Option compilerVar=""/>
			<Option compile="0"/>
			<Option link="0"/>
			<Option target="default"/>
		</Unit>
		<Unit filename="include/iIntegerModule.h">
			<Option compilerVar=""/>
			<Option compile="0"/>
			<Option link="0"/>
			<Option target="default"/>
		</Unit>
		<Unit filename="include/iSequenceModule.h">
			<Option compilerVar=""/>
			<Option compile="0"/>
			<Option link="0"/>
			<Option target="default"/>
		</Unit>
		<Unit filename="include/iStreamModule.h">
			<Option compilerVar=""/>
			<Option compile="0"/>
			<Option link="0"/>
			<Option target="default"/>
		</Unit>
		<Unit filename="main.cpp">
			<Option compilerVar="CPP"/>
			<Option target="default"/>
		</Unit>
		<Unit filename="plugins/HexDumpModule.cpp">
			<Option compilerVar="CPP"/>
			<Option target="default"/>
		</Unit>
		<Unit filename="plugins/HexDumpModule.h">
			<Option compilerVar=""/>
			<Option compile="0"/>
			<Option link="0"/>
			<Option target="default"/>
		</Unit>
		<Unit filename="plugins/LoopbackModule.cpp">
			<Option compilerVar="CPP"/>
			<Option target="default"/>
		</Unit>
		<Unit filename="plugins/LoopbackModule.h">
			<Option compilerVar=""/>
			<Option compile="0"/>
			<Option link="0"/>
			<Option target="default"/>
		</Unit>
		<Unit filename="plugins/NULLModule.cpp">
			<Option compilerVar="CPP"/>
			<Option target="default"/>
		</Unit>
		<Unit filename="plugins/NULLModule.h">
			<Option compilerVar=""/>
			<Option compile="0"/>
			<Option link="0"/>
			<Option target="default"/>
		</Unit>
		<Unit filename="plugins/RandomModule.cpp">
			<Option compilerVar="CPP"/>
			<Option target="default"/>
		</Unit>
		<Unit filename="plugins/RandomModule.h">
			<Option compilerVar=""/>
			<Option compile="0"/>
			<Option link="0"/>
			<Option target="default"/>
		</Unit>
		<Unit filename="src/Exceptions.cpp">
			<Option compilerVar="CPP"/>
			<Option target="default"/>
		</Unit>
		<Unit filename="src/Logging.cpp">
			<Option compilerVar="CPP"/>
			<Option target="default"/>
		</Unit>
		<Unit filename="src/cConnection.cpp">
			<Option compilerVar="CPP"/>
			<Option target="default"/>
		</Unit>
		<Unit filename="src/cDisposable.cpp">
			<Option compilerVar="CPP"/>
			<Option target="default"/>
		</Unit>
		<Unit filename="src/cInnerModule.cpp">
			<Option compilerVar="CPP"/>
			<Option target="default"/>
		</Unit>
		<Unit filename="src/cIntegerConnection.cpp">
			<Option compilerVar="CPP"/>
			<Option target="default"/>
		</Unit>
		<Unit filename="src/cModule.cpp">
			<Option compilerVar="CPP"/>
			<Option target="default"/>
		</Unit>
		<Unit filename="src/cObject.cpp">
			<Option compilerVar="CPP"/>
			<Option target="default"/>
		</Unit>
		<Unit filename="src/cSequenceConnection.cpp">
			<Option compilerVar="CPP"/>
			<Option target="default"/>
		</Unit>
		<Unit filename="src/cStreamConnection.cpp">
			<Option compilerVar="CPP"/>
			<Option target="default"/>
		</Unit>
		<Unit filename="src/cSymbol.cpp">
			<Option compilerVar="CPP"/>
			<Option target="default"/>
		</Unit>
		<Unit filename="src/cValueConnection.cpp">
			<Option compilerVar="CPP"/>
			<Option target="default"/>
		</Unit>
		<Unit filename="src/iIntegerModule.cpp">
			<Option compilerVar="CPP"/>
			<Option target="default"/>
		</Unit>
		<Unit filename="src/iSequenceModule.cpp">
			<Option compilerVar="CPP"/>
			<Option target="default"/>
		</Unit>
		<Unit filename="src/iStreamModule.cpp">
			<Option compilerVar="CPP"/>
			<Option target="default"/>
		</Unit>
	</Project>
</CodeBlocks_project_file>
